PODS:
  - HTHorizontalSelectionList (0.7.2):
    - M13BadgeView (~> 1.0.4)
  - M13BadgeView (1.0.4)

DEPENDENCIES:
  - HTHorizontalSelectionList (from `../`)

EXTERNAL SOURCES:
  HTHorizontalSelectionList:
    :path: "../"

SPEC CHECKSUMS:
  HTHorizontalSelectionList: 1ce35f094c6fe4913fae15b50ba407b125f26865
  M13BadgeView: 700dd0714fdc837c0cf1c8c004454963ec22441f

COCOAPODS: 0.39.0
