PODS:
  - HTHorizontalSelectionList (0.7.4):
    - M13BadgeView (~> 1.0.4)
  - M13BadgeView (1.0.4)

DEPENDENCIES:
  - HTHorizontalSelectionList (from `../`)

EXTERNAL SOURCES:
  HTHorizontalSelectionList:
    :path: "../"

SPEC CHECKSUMS:
  HTHorizontalSelectionList: c38792f4bc87f941ab6c07b02a40abf111c68249
  M13BadgeView: 700dd0714fdc837c0cf1c8c004454963ec22441f

PODFILE CHECKSUM: b22ea03e2e0e7f60e45126dcaf32a9871c954e43

COCOAPODS: 1.1.1
