// !$*UTF8*$!
{
	archiveVersion = 1;
	classes = {
	};
	objectVersion = 46;
	objects = {

/* Begin PBXBuildFile section */
		03ED30D71DDA563F00A408E3 /* AppDelegate.m in Sources */ = {isa = PBXBuildFile; fileRef = 03ED30BC1DDA563F00A408E3 /* AppDelegate.m */; };
		03ED30D81DDA563F00A408E3 /* LaunchScreen.xib in Resources */ = {isa = PBXBuildFile; fileRef = 03ED30BD1DDA563F00A408E3 /* LaunchScreen.xib */; };
		03ED30D91DDA563F00A408E3 /* CarsViewController.m in Sources */ = {isa = PBXBuildFile; fileRef = 03ED30C01DDA563F00A408E3 /* CarsViewController.m */; };
		03ED30DA1DDA563F00A408E3 /* CatsViewController.m in Sources */ = {isa = PBXBuildFile; fileRef = 03ED30C21DDA563F00A408E3 /* CatsViewController.m */; };
		03ED30E31DDA563F00A408E3 /* FlowersViewController.swift in Sources */ = {isa = PBXBuildFile; fileRef = 03ED30CB1DDA563F00A408E3 /* FlowersViewController.swift */; };
		03ED30E41DDA563F00A408E3 /* Images.xcassets in Resources */ = {isa = PBXBuildFile; fileRef = 03ED30CD1DDA563F00A408E3 /* Images.xcassets */; };
		03ED30E61DDA563F00A408E3 /* main.m in Sources */ = {isa = PBXBuildFile; fileRef = 03ED30CF1DDA563F00A408E3 /* main.m */; };
		03ED30E71DDA563F00A408E3 /* spacecat1.jpeg in Resources */ = {isa = PBXBuildFile; fileRef = 03ED30D11DDA563F00A408E3 /* spacecat1.jpeg */; };
		03ED30E81DDA563F00A408E3 /* spacecat2.jpeg in Resources */ = {isa = PBXBuildFile; fileRef = 03ED30D21DDA563F00A408E3 /* spacecat2.jpeg */; };
		03ED30E91DDA563F00A408E3 /* spacecat3.jpeg in Resources */ = {isa = PBXBuildFile; fileRef = 03ED30D31DDA563F00A408E3 /* spacecat3.jpeg */; };
		03ED30EA1DDA563F00A408E3 /* spacecat4.jpeg in Resources */ = {isa = PBXBuildFile; fileRef = 03ED30D41DDA563F00A408E3 /* spacecat4.jpeg */; };
		03ED30EB1DDA563F00A408E3 /* spacecat5.jpeg in Resources */ = {isa = PBXBuildFile; fileRef = 03ED30D51DDA563F00A408E3 /* spacecat5.jpeg */; };
		03ED30EC1DDA563F00A408E3 /* TwoButtonViewController.swift in Sources */ = {isa = PBXBuildFile; fileRef = 03ED30D61DDA563F00A408E3 /* TwoButtonViewController.swift */; };
		03ED30F51DDA56B800A408E3 /* flower1.jpeg in Resources */ = {isa = PBXBuildFile; fileRef = 03ED30ED1DDA56B800A408E3 /* flower1.jpeg */; };
		03ED30F61DDA56B800A408E3 /* flower2.jpeg in Resources */ = {isa = PBXBuildFile; fileRef = 03ED30EE1DDA56B800A408E3 /* flower2.jpeg */; };
		03ED30F71DDA56B800A408E3 /* flower3.jpeg in Resources */ = {isa = PBXBuildFile; fileRef = 03ED30EF1DDA56B800A408E3 /* flower3.jpeg */; };
		03ED30F81DDA56B800A408E3 /* flower4.jpeg in Resources */ = {isa = PBXBuildFile; fileRef = 03ED30F01DDA56B800A408E3 /* flower4.jpeg */; };
		03ED30F91DDA56B800A408E3 /* flower5.jpeg in Resources */ = {isa = PBXBuildFile; fileRef = 03ED30F11DDA56B800A408E3 /* flower5.jpeg */; };
		03ED30FA1DDA56B800A408E3 /* flower6.jpeg in Resources */ = {isa = PBXBuildFile; fileRef = 03ED30F21DDA56B800A408E3 /* flower6.jpeg */; };
		03ED30FB1DDA56B800A408E3 /* flower7.jpeg in Resources */ = {isa = PBXBuildFile; fileRef = 03ED30F31DDA56B800A408E3 /* flower7.jpeg */; };
		03ED30FC1DDA56B800A408E3 /* flower8.jpeg in Resources */ = {isa = PBXBuildFile; fileRef = 03ED30F41DDA56B800A408E3 /* flower8.jpeg */; };
		E4EB0DEADCC001B5B5896B3F /* libPods-HTHorizontalSelectionListExample.a in Frameworks */ = {isa = PBXBuildFile; fileRef = 7D61DC8390BF4AC29C16B5EF /* libPods-HTHorizontalSelectionListExample.a */; };
/* End PBXBuildFile section */

/* Begin PBXFileReference section */
		036F053B19C624D9000D2EEB /* HTHorizontalSelectionListExample.app */ = {isa = PBXFileReference; explicitFileType = wrapper.application; includeInIndex = 0; path = HTHorizontalSelectionListExample.app; sourceTree = BUILT_PRODUCTS_DIR; };
		03ED30BB1DDA563F00A408E3 /* AppDelegate.h */ = {isa = PBXFileReference; fileEncoding = 4; lastKnownFileType = sourcecode.c.h; path = AppDelegate.h; sourceTree = "<group>"; };
		03ED30BC1DDA563F00A408E3 /* AppDelegate.m */ = {isa = PBXFileReference; fileEncoding = 4; lastKnownFileType = sourcecode.c.objc; path = AppDelegate.m; sourceTree = "<group>"; };
		03ED30BE1DDA563F00A408E3 /* Base */ = {isa = PBXFileReference; lastKnownFileType = file.xib; name = Base; path = Base.lproj/LaunchScreen.xib; sourceTree = "<group>"; };
		03ED30BF1DDA563F00A408E3 /* CarsViewController.h */ = {isa = PBXFileReference; fileEncoding = 4; lastKnownFileType = sourcecode.c.h; path = CarsViewController.h; sourceTree = "<group>"; };
		03ED30C01DDA563F00A408E3 /* CarsViewController.m */ = {isa = PBXFileReference; fileEncoding = 4; lastKnownFileType = sourcecode.c.objc; path = CarsViewController.m; sourceTree = "<group>"; };
		03ED30C11DDA563F00A408E3 /* CatsViewController.h */ = {isa = PBXFileReference; fileEncoding = 4; lastKnownFileType = sourcecode.c.h; path = CatsViewController.h; sourceTree = "<group>"; };
		03ED30C21DDA563F00A408E3 /* CatsViewController.m */ = {isa = PBXFileReference; fileEncoding = 4; lastKnownFileType = sourcecode.c.objc; path = CatsViewController.m; sourceTree = "<group>"; };
		03ED30CB1DDA563F00A408E3 /* FlowersViewController.swift */ = {isa = PBXFileReference; fileEncoding = 4; lastKnownFileType = sourcecode.swift; path = FlowersViewController.swift; sourceTree = "<group>"; };
		03ED30CC1DDA563F00A408E3 /* HTHorizontalSelectionListExample-Bridging-Header.h */ = {isa = PBXFileReference; fileEncoding = 4; lastKnownFileType = sourcecode.c.h; path = "HTHorizontalSelectionListExample-Bridging-Header.h"; sourceTree = "<group>"; };
		03ED30CD1DDA563F00A408E3 /* Images.xcassets */ = {isa = PBXFileReference; lastKnownFileType = folder.assetcatalog; path = Images.xcassets; sourceTree = "<group>"; };
		03ED30CE1DDA563F00A408E3 /* Info.plist */ = {isa = PBXFileReference; fileEncoding = 4; lastKnownFileType = text.plist.xml; name = Info.plist; path = ../Source/Info.plist; sourceTree = "<group>"; };
		03ED30CF1DDA563F00A408E3 /* main.m */ = {isa = PBXFileReference; fileEncoding = 4; lastKnownFileType = sourcecode.c.objc; name = main.m; path = ../Source/main.m; sourceTree = "<group>"; };
		03ED30D11DDA563F00A408E3 /* spacecat1.jpeg */ = {isa = PBXFileReference; lastKnownFileType = image.jpeg; path = spacecat1.jpeg; sourceTree = "<group>"; };
		03ED30D21DDA563F00A408E3 /* spacecat2.jpeg */ = {isa = PBXFileReference; lastKnownFileType = image.jpeg; path = spacecat2.jpeg; sourceTree = "<group>"; };
		03ED30D31DDA563F00A408E3 /* spacecat3.jpeg */ = {isa = PBXFileReference; lastKnownFileType = image.jpeg; path = spacecat3.jpeg; sourceTree = "<group>"; };
		03ED30D41DDA563F00A408E3 /* spacecat4.jpeg */ = {isa = PBXFileReference; lastKnownFileType = image.jpeg; path = spacecat4.jpeg; sourceTree = "<group>"; };
		03ED30D51DDA563F00A408E3 /* spacecat5.jpeg */ = {isa = PBXFileReference; lastKnownFileType = image.jpeg; path = spacecat5.jpeg; sourceTree = "<group>"; };
		03ED30D61DDA563F00A408E3 /* TwoButtonViewController.swift */ = {isa = PBXFileReference; fileEncoding = 4; lastKnownFileType = sourcecode.swift; path = TwoButtonViewController.swift; sourceTree = "<group>"; };
		03ED30ED1DDA56B800A408E3 /* flower1.jpeg */ = {isa = PBXFileReference; lastKnownFileType = image.jpeg; path = flower1.jpeg; sourceTree = "<group>"; };
		03ED30EE1DDA56B800A408E3 /* flower2.jpeg */ = {isa = PBXFileReference; lastKnownFileType = image.jpeg; path = flower2.jpeg; sourceTree = "<group>"; };
		03ED30EF1DDA56B800A408E3 /* flower3.jpeg */ = {isa = PBXFileReference; lastKnownFileType = image.jpeg; path = flower3.jpeg; sourceTree = "<group>"; };
		03ED30F01DDA56B800A408E3 /* flower4.jpeg */ = {isa = PBXFileReference; lastKnownFileType = image.jpeg; path = flower4.jpeg; sourceTree = "<group>"; };
		03ED30F11DDA56B800A408E3 /* flower5.jpeg */ = {isa = PBXFileReference; lastKnownFileType = image.jpeg; path = flower5.jpeg; sourceTree = "<group>"; };
		03ED30F21DDA56B800A408E3 /* flower6.jpeg */ = {isa = PBXFileReference; lastKnownFileType = image.jpeg; path = flower6.jpeg; sourceTree = "<group>"; };
		03ED30F31DDA56B800A408E3 /* flower7.jpeg */ = {isa = PBXFileReference; lastKnownFileType = image.jpeg; path = flower7.jpeg; sourceTree = "<group>"; };
		03ED30F41DDA56B800A408E3 /* flower8.jpeg */ = {isa = PBXFileReference; lastKnownFileType = image.jpeg; path = flower8.jpeg; sourceTree = "<group>"; };
		23F52A51C55F61EDC373DA3F /* Pods-HTHorizontalSelectionListExample.debug.xcconfig */ = {isa = PBXFileReference; includeInIndex = 1; lastKnownFileType = text.xcconfig; name = "Pods-HTHorizontalSelectionListExample.debug.xcconfig"; path = "Pods/Target Support Files/Pods-HTHorizontalSelectionListExample/Pods-HTHorizontalSelectionListExample.debug.xcconfig"; sourceTree = "<group>"; };
		7D61DC8390BF4AC29C16B5EF /* libPods-HTHorizontalSelectionListExample.a */ = {isa = PBXFileReference; explicitFileType = archive.ar; includeInIndex = 0; path = "libPods-HTHorizontalSelectionListExample.a"; sourceTree = BUILT_PRODUCTS_DIR; };
		9D570BCCA5A71FCE941E40C0 /* Pods-HTHorizontalSelectionListExample.release.xcconfig */ = {isa = PBXFileReference; includeInIndex = 1; lastKnownFileType = text.xcconfig; name = "Pods-HTHorizontalSelectionListExample.release.xcconfig"; path = "Pods/Target Support Files/Pods-HTHorizontalSelectionListExample/Pods-HTHorizontalSelectionListExample.release.xcconfig"; sourceTree = "<group>"; };
/* End PBXFileReference section */

/* Begin PBXFrameworksBuildPhase section */
		036F053819C624D9000D2EEB /* Frameworks */ = {
			isa = PBXFrameworksBuildPhase;
			buildActionMask = 2147483647;
			files = (
				E4EB0DEADCC001B5B5896B3F /* libPods-HTHorizontalSelectionListExample.a in Frameworks */,
			);
			runOnlyForDeploymentPostprocessing = 0;
		};
/* End PBXFrameworksBuildPhase section */

/* Begin PBXGroup section */
		036F053219C624D9000D2EEB = {
			isa = PBXGroup;
			children = (
				03ED30BA1DDA563F00A408E3 /* HTHorizontalSelectionList Example */,
				036F053C19C624D9000D2EEB /* Products */,
				34BC5E47FFCBBE4CD26C6B59 /* Pods */,
				1C3DEFC7EC3E8C1D926009B6 /* Frameworks */,
			);
			sourceTree = "<group>";
		};
		036F053C19C624D9000D2EEB /* Products */ = {
			isa = PBXGroup;
			children = (
				036F053B19C624D9000D2EEB /* HTHorizontalSelectionListExample.app */,
			);
			name = Products;
			sourceTree = "<group>";
		};
		036F053E19C624D9000D2EEB /* Supporting Files */ = {
			isa = PBXGroup;
			children = (
				03ED30CE1DDA563F00A408E3 /* Info.plist */,
				03ED30CF1DDA563F00A408E3 /* main.m */,
			);
			name = "Supporting Files";
			path = ../HTHorizontalSelectionListExample;
			sourceTree = "<group>";
		};
		03ED30BA1DDA563F00A408E3 /* HTHorizontalSelectionList Example */ = {
			isa = PBXGroup;
			children = (
				03ED30BB1DDA563F00A408E3 /* AppDelegate.h */,
				03ED30BC1DDA563F00A408E3 /* AppDelegate.m */,
				03ED30BD1DDA563F00A408E3 /* LaunchScreen.xib */,
				03ED30BF1DDA563F00A408E3 /* CarsViewController.h */,
				03ED30C01DDA563F00A408E3 /* CarsViewController.m */,
				03ED30C11DDA563F00A408E3 /* CatsViewController.h */,
				03ED30C21DDA563F00A408E3 /* CatsViewController.m */,
				03ED30CB1DDA563F00A408E3 /* FlowersViewController.swift */,
				03ED30D61DDA563F00A408E3 /* TwoButtonViewController.swift */,
				03ED30CD1DDA563F00A408E3 /* Images.xcassets */,
				03ED30CC1DDA563F00A408E3 /* HTHorizontalSelectionListExample-Bridging-Header.h */,
				03ED30D01DDA563F00A408E3 /* Resources */,
				036F053E19C624D9000D2EEB /* Supporting Files */,
			);
			name = "HTHorizontalSelectionList Example";
			path = Source;
			sourceTree = "<group>";
		};
		03ED30D01DDA563F00A408E3 /* Resources */ = {
			isa = PBXGroup;
			children = (
				03ED30ED1DDA56B800A408E3 /* flower1.jpeg */,
				03ED30EE1DDA56B800A408E3 /* flower2.jpeg */,
				03ED30EF1DDA56B800A408E3 /* flower3.jpeg */,
				03ED30F01DDA56B800A408E3 /* flower4.jpeg */,
				03ED30F11DDA56B800A408E3 /* flower5.jpeg */,
				03ED30F21DDA56B800A408E3 /* flower6.jpeg */,
				03ED30F31DDA56B800A408E3 /* flower7.jpeg */,
				03ED30F41DDA56B800A408E3 /* flower8.jpeg */,
				03ED30D11DDA563F00A408E3 /* spacecat1.jpeg */,
				03ED30D21DDA563F00A408E3 /* spacecat2.jpeg */,
				03ED30D31DDA563F00A408E3 /* spacecat3.jpeg */,
				03ED30D41DDA563F00A408E3 /* spacecat4.jpeg */,
				03ED30D51DDA563F00A408E3 /* spacecat5.jpeg */,
			);
			path = Resources;
			sourceTree = "<group>";
		};
		1C3DEFC7EC3E8C1D926009B6 /* Frameworks */ = {
			isa = PBXGroup;
			children = (
				7D61DC8390BF4AC29C16B5EF /* libPods-HTHorizontalSelectionListExample.a */,
			);
			name = Frameworks;
			sourceTree = "<group>";
		};
		34BC5E47FFCBBE4CD26C6B59 /* Pods */ = {
			isa = PBXGroup;
			children = (
				23F52A51C55F61EDC373DA3F /* Pods-HTHorizontalSelectionListExample.debug.xcconfig */,
				9D570BCCA5A71FCE941E40C0 /* Pods-HTHorizontalSelectionListExample.release.xcconfig */,
			);
			name = Pods;
			sourceTree = "<group>";
		};
/* End PBXGroup section */

/* Begin PBXNativeTarget section */
		036F053A19C624D9000D2EEB /* HTHorizontalSelectionListExample */ = {
			isa = PBXNativeTarget;
			buildConfigurationList = 036F055E19C624D9000D2EEB /* Build configuration list for PBXNativeTarget "HTHorizontalSelectionListExample" */;
			buildPhases = (
				A99D728011FE3A0E316DF034 /* [CP] Check Pods Manifest.lock */,
				036F053719C624D9000D2EEB /* Sources */,
				036F053819C624D9000D2EEB /* Frameworks */,
				036F053919C624D9000D2EEB /* Resources */,
				A6221BD90D9CBDA6508F63B0 /* [CP] Embed Pods Frameworks */,
				38F41EC5CA6492694DB7F24B /* [CP] Copy Pods Resources */,
			);
			buildRules = (
			);
			dependencies = (
			);
			name = HTHorizontalSelectionListExample;
			productName = "HTHorizontalSelectionList Example";
			productReference = 036F053B19C624D9000D2EEB /* HTHorizontalSelectionListExample.app */;
			productType = "com.apple.product-type.application";
		};
/* End PBXNativeTarget section */

/* Begin PBXProject section */
		036F053319C624D9000D2EEB /* Project object */ = {
			isa = PBXProject;
			attributes = {
				LastSwiftMigration = 0710;
				LastSwiftUpdateCheck = 0710;
				LastUpgradeCheck = 0810;
				ORGANIZATIONNAME = Hightower;
				TargetAttributes = {
					036F053A19C624D9000D2EEB = {
						CreatedOnToolsVersion = 6.0;
					};
				};
			};
			buildConfigurationList = 036F053619C624D9000D2EEB /* Build configuration list for PBXProject "HTHorizontalSelectionListExample" */;
			compatibilityVersion = "Xcode 3.2";
			developmentRegion = English;
			hasScannedForEncodings = 0;
			knownRegions = (
				en,
				Base,
			);
			mainGroup = 036F053219C624D9000D2EEB;
			productRefGroup = 036F053C19C624D9000D2EEB /* Products */;
			projectDirPath = "";
			projectRoot = "";
			targets = (
				036F053A19C624D9000D2EEB /* HTHorizontalSelectionListExample */,
			);
		};
/* End PBXProject section */

/* Begin PBXResourcesBuildPhase section */
		036F053919C624D9000D2EEB /* Resources */ = {
			isa = PBXResourcesBuildPhase;
			buildActionMask = 2147483647;
			files = (
				03ED30E91DDA563F00A408E3 /* spacecat3.jpeg in Resources */,
				03ED30F91DDA56B800A408E3 /* flower5.jpeg in Resources */,
				03ED30F61DDA56B800A408E3 /* flower2.jpeg in Resources */,
				03ED30E41DDA563F00A408E3 /* Images.xcassets in Resources */,
				03ED30FA1DDA56B800A408E3 /* flower6.jpeg in Resources */,
				03ED30F51DDA56B800A408E3 /* flower1.jpeg in Resources */,
				03ED30F81DDA56B800A408E3 /* flower4.jpeg in Resources */,
				03ED30EA1DDA563F00A408E3 /* spacecat4.jpeg in Resources */,
				03ED30D81DDA563F00A408E3 /* LaunchScreen.xib in Resources */,
				03ED30F71DDA56B800A408E3 /* flower3.jpeg in Resources */,
				03ED30FC1DDA56B800A408E3 /* flower8.jpeg in Resources */,
				03ED30EB1DDA563F00A408E3 /* spacecat5.jpeg in Resources */,
				03ED30FB1DDA56B800A408E3 /* flower7.jpeg in Resources */,
				03ED30E81DDA563F00A408E3 /* spacecat2.jpeg in Resources */,
				03ED30E71DDA563F00A408E3 /* spacecat1.jpeg in Resources */,
			);
			runOnlyForDeploymentPostprocessing = 0;
		};
/* End PBXResourcesBuildPhase section */

/* Begin PBXShellScriptBuildPhase section */
		38F41EC5CA6492694DB7F24B /* [CP] Copy Pods Resources */ = {
			isa = PBXShellScriptBuildPhase;
			buildActionMask = 2147483647;
			files = (
			);
			inputPaths = (
			);
			name = "[CP] Copy Pods Resources";
			outputPaths = (
			);
			runOnlyForDeploymentPostprocessing = 0;
			shellPath = /bin/sh;
			shellScript = "\"${SRCROOT}/Pods/Target Support Files/Pods-HTHorizontalSelectionListExample/Pods-HTHorizontalSelectionListExample-resources.sh\"\n";
			showEnvVarsInLog = 0;
		};
		A6221BD90D9CBDA6508F63B0 /* [CP] Embed Pods Frameworks */ = {
			isa = PBXShellScriptBuildPhase;
			buildActionMask = 2147483647;
			files = (
			);
			inputPaths = (
			);
			name = "[CP] Embed Pods Frameworks";
			outputPaths = (
			);
			runOnlyForDeploymentPostprocessing = 0;
			shellPath = /bin/sh;
			shellScript = "\"${SRCROOT}/Pods/Target Support Files/Pods-HTHorizontalSelectionListExample/Pods-HTHorizontalSelectionListExample-frameworks.sh\"\n";
			showEnvVarsInLog = 0;
		};
		A99D728011FE3A0E316DF034 /* [CP] Check Pods Manifest.lock */ = {
			isa = PBXShellScriptBuildPhase;
			buildActionMask = 2147483647;
			files = (
			);
			inputPaths = (
			);
			name = "[CP] Check Pods Manifest.lock";
			outputPaths = (
			);
			runOnlyForDeploymentPostprocessing = 0;
			shellPath = /bin/sh;
			shellScript = "diff \"${PODS_ROOT}/../Podfile.lock\" \"${PODS_ROOT}/Manifest.lock\" > /dev/null\nif [ $? != 0 ] ; then\n    # print error to STDERR\n    echo \"error: The sandbox is not in sync with the Podfile.lock. Run 'pod install' or update your CocoaPods installation.\" >&2\n    exit 1\nfi\n";
			showEnvVarsInLog = 0;
		};
/* End PBXShellScriptBuildPhase section */

/* Begin PBXSourcesBuildPhase section */
		036F053719C624D9000D2EEB /* Sources */ = {
			isa = PBXSourcesBuildPhase;
			buildActionMask = 2147483647;
			files = (
				03ED30E31DDA563F00A408E3 /* FlowersViewController.swift in Sources */,
				03ED30DA1DDA563F00A408E3 /* CatsViewController.m in Sources */,
				03ED30D71DDA563F00A408E3 /* AppDelegate.m in Sources */,
				03ED30EC1DDA563F00A408E3 /* TwoButtonViewController.swift in Sources */,
				03ED30E61DDA563F00A408E3 /* main.m in Sources */,
				03ED30D91DDA563F00A408E3 /* CarsViewController.m in Sources */,
			);
			runOnlyForDeploymentPostprocessing = 0;
		};
/* End PBXSourcesBuildPhase section */

/* Begin PBXVariantGroup section */
		03ED30BD1DDA563F00A408E3 /* LaunchScreen.xib */ = {
			isa = PBXVariantGroup;
			children = (
				03ED30BE1DDA563F00A408E3 /* Base */,
			);
			name = LaunchScreen.xib;
			sourceTree = "<group>";
		};
/* End PBXVariantGroup section */

/* Begin XCBuildConfiguration section */
		036F055C19C624D9000D2EEB /* Debug */ = {
			isa = XCBuildConfiguration;
			buildSettings = {
				ALWAYS_SEARCH_USER_PATHS = NO;
				CLANG_CXX_LANGUAGE_STANDARD = "gnu++0x";
				CLANG_CXX_LIBRARY = "libc++";
				CLANG_ENABLE_MODULES = YES;
				CLANG_ENABLE_OBJC_ARC = YES;
				CLANG_WARN_BOOL_CONVERSION = YES;
				CLANG_WARN_CONSTANT_CONVERSION = YES;
				CLANG_WARN_DIRECT_OBJC_ISA_USAGE = YES_ERROR;
				CLANG_WARN_EMPTY_BODY = YES;
				CLANG_WARN_ENUM_CONVERSION = YES;
				CLANG_WARN_INFINITE_RECURSION = YES;
				CLANG_WARN_INT_CONVERSION = YES;
				CLANG_WARN_OBJC_ROOT_CLASS = YES_ERROR;
				CLANG_WARN_SUSPICIOUS_MOVE = YES;
				CLANG_WARN_UNREACHABLE_CODE = YES;
				CLANG_WARN__DUPLICATE_METHOD_MATCH = YES;
				"CODE_SIGN_IDENTITY[sdk=iphoneos*]" = "iPhone Developer";
				COPY_PHASE_STRIP = NO;
				ENABLE_STRICT_OBJC_MSGSEND = YES;
				ENABLE_TESTABILITY = YES;
				GCC_C_LANGUAGE_STANDARD = gnu99;
				GCC_DYNAMIC_NO_PIC = NO;
				GCC_NO_COMMON_BLOCKS = YES;
				GCC_OPTIMIZATION_LEVEL = 0;
				GCC_PREPROCESSOR_DEFINITIONS = (
					"DEBUG=1",
					"$(inherited)",
				);
				GCC_SYMBOLS_PRIVATE_EXTERN = NO;
				GCC_WARN_64_TO_32_BIT_CONVERSION = YES;
				GCC_WARN_ABOUT_RETURN_TYPE = YES_ERROR;
				GCC_WARN_UNDECLARED_SELECTOR = YES;
				GCC_WARN_UNINITIALIZED_AUTOS = YES_AGGRESSIVE;
				GCC_WARN_UNUSED_FUNCTION = YES;
				GCC_WARN_UNUSED_VARIABLE = YES;
				IPHONEOS_DEPLOYMENT_TARGET = 8.0;
				MTL_ENABLE_DEBUG_INFO = YES;
				ONLY_ACTIVE_ARCH = YES;
				SDKROOT = iphoneos;
				SWIFT_VERSION = 2.3;
				TARGETED_DEVICE_FAMILY = "1,2";
			};
			name = Debug;
		};
		036F055D19C624D9000D2EEB /* Release */ = {
			isa = XCBuildConfiguration;
			buildSettings = {
				ALWAYS_SEARCH_USER_PATHS = NO;
				CLANG_CXX_LANGUAGE_STANDARD = "gnu++0x";
				CLANG_CXX_LIBRARY = "libc++";
				CLANG_ENABLE_MODULES = YES;
				CLANG_ENABLE_OBJC_ARC = YES;
				CLANG_WARN_BOOL_CONVERSION = YES;
				CLANG_WARN_CONSTANT_CONVERSION = YES;
				CLANG_WARN_DIRECT_OBJC_ISA_USAGE = YES_ERROR;
				CLANG_WARN_EMPTY_BODY = YES;
				CLANG_WARN_ENUM_CONVERSION = YES;
				CLANG_WARN_INFINITE_RECURSION = YES;
				CLANG_WARN_INT_CONVERSION = YES;
				CLANG_WARN_OBJC_ROOT_CLASS = YES_ERROR;
				CLANG_WARN_SUSPICIOUS_MOVE = YES;
				CLANG_WARN_UNREACHABLE_CODE = YES;
				CLANG_WARN__DUPLICATE_METHOD_MATCH = YES;
				"CODE_SIGN_IDENTITY[sdk=iphoneos*]" = "iPhone Developer";
				COPY_PHASE_STRIP = YES;
				ENABLE_NS_ASSERTIONS = NO;
				ENABLE_STRICT_OBJC_MSGSEND = YES;
				GCC_C_LANGUAGE_STANDARD = gnu99;
				GCC_NO_COMMON_BLOCKS = YES;
				GCC_WARN_64_TO_32_BIT_CONVERSION = YES;
				GCC_WARN_ABOUT_RETURN_TYPE = YES_ERROR;
				GCC_WARN_UNDECLARED_SELECTOR = YES;
				GCC_WARN_UNINITIALIZED_AUTOS = YES_AGGRESSIVE;
				GCC_WARN_UNUSED_FUNCTION = YES;
				GCC_WARN_UNUSED_VARIABLE = YES;
				IPHONEOS_DEPLOYMENT_TARGET = 8.0;
				MTL_ENABLE_DEBUG_INFO = NO;
				SDKROOT = iphoneos;
				SWIFT_OPTIMIZATION_LEVEL = "-Owholemodule";
				SWIFT_VERSION = 2.3;
				TARGETED_DEVICE_FAMILY = "1,2";
				VALIDATE_PRODUCT = YES;
			};
			name = Release;
		};
		036F055F19C624D9000D2EEB /* Debug */ = {
			isa = XCBuildConfiguration;
			baseConfigurationReference = 23F52A51C55F61EDC373DA3F /* Pods-HTHorizontalSelectionListExample.debug.xcconfig */;
			buildSettings = {
				ASSETCATALOG_COMPILER_APPICON_NAME = AppIcon;
				ASSETCATALOG_COMPILER_LAUNCHIMAGE_NAME = LaunchImage;
				CLANG_ENABLE_MODULES = YES;
				INFOPLIST_FILE = "$(SRCROOT)/Source/Info.plist";
				IPHONEOS_DEPLOYMENT_TARGET = 8.0;
				LD_RUNPATH_SEARCH_PATHS = "$(inherited) @executable_path/Frameworks";
				PRODUCT_BUNDLE_IDENTIFIER = "com.hightower.$(PRODUCT_NAME:rfc1034identifier)";
				PRODUCT_NAME = "$(TARGET_NAME)";
				SWIFT_OBJC_BRIDGING_HEADER = "Source/HTHorizontalSelectionListExample-Bridging-Header.h";
				SWIFT_OPTIMIZATION_LEVEL = "-Onone";
			};
			name = Debug;
		};
		036F056019C624D9000D2EEB /* Release */ = {
			isa = XCBuildConfiguration;
			baseConfigurationReference = 9D570BCCA5A71FCE941E40C0 /* Pods-HTHorizontalSelectionListExample.release.xcconfig */;
			buildSettings = {
				ASSETCATALOG_COMPILER_APPICON_NAME = AppIcon;
				ASSETCATALOG_COMPILER_LAUNCHIMAGE_NAME = LaunchImage;
				CLANG_ENABLE_MODULES = YES;
				INFOPLIST_FILE = "$(SRCROOT)/Source/Info.plist";
				IPHONEOS_DEPLOYMENT_TARGET = 8.0;
				LD_RUNPATH_SEARCH_PATHS = "$(inherited) @executable_path/Frameworks";
				PRODUCT_BUNDLE_IDENTIFIER = "com.hightower.$(PRODUCT_NAME:rfc1034identifier)";
				PRODUCT_NAME = "$(TARGET_NAME)";
				SWIFT_OBJC_BRIDGING_HEADER = "Source/HTHorizontalSelectionListExample-Bridging-Header.h";
			};
			name = Release;
		};
/* End XCBuildConfiguration section */

/* Begin XCConfigurationList section */
		036F053619C624D9000D2EEB /* Build configuration list for PBXProject "HTHorizontalSelectionListExample" */ = {
			isa = XCConfigurationList;
			buildConfigurations = (
				036F055C19C624D9000D2EEB /* Debug */,
				036F055D19C624D9000D2EEB /* Release */,
			);
			defaultConfigurationIsVisible = 0;
			defaultConfigurationName = Release;
		};
		036F055E19C624D9000D2EEB /* Build configuration list for PBXNativeTarget "HTHorizontalSelectionListExample" */ = {
			isa = XCConfigurationList;
			buildConfigurations = (
				036F055F19C624D9000D2EEB /* Debug */,
				036F056019C624D9000D2EEB /* Release */,
			);
			defaultConfigurationIsVisible = 0;
			defaultConfigurationName = Release;
		};
/* End XCConfigurationList section */
	};
	rootObject = 036F053319C624D9000D2EEB /* Project object */;
}
