// !$*UTF8*$!
{
	archiveVersion = 1;
	classes = {
	};
	objectVersion = 46;
	objects = {

/* Begin PBXBuildFile section */
		033578231AA125340009DB4C /* spacecat5.jpeg in Resources */ = {isa = PBXBuildFile; fileRef = 033578221AA125340009DB4C /* spacecat5.jpeg */; };
		036F054119C624D9000D2EEB /* main.m in Sources */ = {isa = PBXBuildFile; fileRef = 036F054019C624D9000D2EEB /* main.m */; };
		036F054419C624D9000D2EEB /* AppDelegate.m in Sources */ = {isa = PBXBuildFile; fileRef = 036F054319C624D9000D2EEB /* AppDelegate.m */; };
		036F054719C624D9000D2EEB /* CarsViewController.m in Sources */ = {isa = PBXBuildFile; fileRef = 036F054619C624D9000D2EEB /* CarsViewController.m */; };
		036F054C19C624D9000D2EEB /* Images.xcassets in Resources */ = {isa = PBXBuildFile; fileRef = 036F054B19C624D9000D2EEB /* Images.xcassets */; };
		036F054F19C624D9000D2EEB /* LaunchScreen.xib in Resources */ = {isa = PBXBuildFile; fileRef = 036F054D19C624D9000D2EEB /* LaunchScreen.xib */; };
		038ABFA51AC3A39100EC3ABC /* FlowersViewController.swift in Sources */ = {isa = PBXBuildFile; fileRef = 038ABFA41AC3A39100EC3ABC /* FlowersViewController.swift */; };
		03FCAF8F1A8424A1004857A7 /* spacecat4.jpeg in Resources */ = {isa = PBXBuildFile; fileRef = 03FCAF8B1A8424A1004857A7 /* spacecat4.jpeg */; };
		03FCAF901A8424A1004857A7 /* spacecat3.jpeg in Resources */ = {isa = PBXBuildFile; fileRef = 03FCAF8C1A8424A1004857A7 /* spacecat3.jpeg */; };
		03FCAF911A8424A1004857A7 /* spacecat2.jpeg in Resources */ = {isa = PBXBuildFile; fileRef = 03FCAF8D1A8424A1004857A7 /* spacecat2.jpeg */; };
		03FCAF921A8424A1004857A7 /* spacecat1.jpeg in Resources */ = {isa = PBXBuildFile; fileRef = 03FCAF8E1A8424A1004857A7 /* spacecat1.jpeg */; };
		03FCAF951A842B1B004857A7 /* CatsViewController.m in Sources */ = {isa = PBXBuildFile; fileRef = 03FCAF941A842B1B004857A7 /* CatsViewController.m */; };
		03FE115C1AD99C8300174CDA /* flower1.jpeg in Resources */ = {isa = PBXBuildFile; fileRef = 03FE11571AD99C8300174CDA /* flower1.jpeg */; };
		03FE115D1AD99C8300174CDA /* flower2.jpeg in Resources */ = {isa = PBXBuildFile; fileRef = 03FE11581AD99C8300174CDA /* flower2.jpeg */; };
		03FE115E1AD99C8300174CDA /* flower3.jpeg in Resources */ = {isa = PBXBuildFile; fileRef = 03FE11591AD99C8300174CDA /* flower3.jpeg */; };
		03FE115F1AD99C8300174CDA /* flower4.jpeg in Resources */ = {isa = PBXBuildFile; fileRef = 03FE115A1AD99C8300174CDA /* flower4.jpeg */; };
		03FE11601AD99C8300174CDA /* flower5.jpeg in Resources */ = {isa = PBXBuildFile; fileRef = 03FE115B1AD99C8300174CDA /* flower5.jpeg */; };
		03FE11641AD9A06B00174CDA /* flower6.jpeg in Resources */ = {isa = PBXBuildFile; fileRef = 03FE11611AD9A06B00174CDA /* flower6.jpeg */; };
		03FE11651AD9A06B00174CDA /* flower7.jpeg in Resources */ = {isa = PBXBuildFile; fileRef = 03FE11621AD9A06B00174CDA /* flower7.jpeg */; };
		03FE11661AD9A06B00174CDA /* flower8.jpeg in Resources */ = {isa = PBXBuildFile; fileRef = 03FE11631AD9A06B00174CDA /* flower8.jpeg */; };
		EDF540BAA6CF4691A14FDFE1 /* libPods.a in Frameworks */ = {isa = PBXBuildFile; fileRef = B7D75892556E902593167951 /* libPods.a */; };
/* End PBXBuildFile section */

/* Begin PBXFileReference section */
		033578221AA125340009DB4C /* spacecat5.jpeg */ = {isa = PBXFileReference; lastKnownFileType = image.jpeg; name = spacecat5.jpeg; path = Resources/spacecat5.jpeg; sourceTree = "<group>"; };
		036F053B19C624D9000D2EEB /* HTHorizontalSelectionListExample.app */ = {isa = PBXFileReference; explicitFileType = wrapper.application; includeInIndex = 0; path = HTHorizontalSelectionListExample.app; sourceTree = BUILT_PRODUCTS_DIR; };
		036F053F19C624D9000D2EEB /* Info.plist */ = {isa = PBXFileReference; lastKnownFileType = text.plist.xml; path = Info.plist; sourceTree = "<group>"; };
		036F054019C624D9000D2EEB /* main.m */ = {isa = PBXFileReference; lastKnownFileType = sourcecode.c.objc; path = main.m; sourceTree = "<group>"; };
		036F054219C624D9000D2EEB /* AppDelegate.h */ = {isa = PBXFileReference; lastKnownFileType = sourcecode.c.h; path = AppDelegate.h; sourceTree = "<group>"; };
		036F054319C624D9000D2EEB /* AppDelegate.m */ = {isa = PBXFileReference; lastKnownFileType = sourcecode.c.objc; path = AppDelegate.m; sourceTree = "<group>"; };
		036F054519C624D9000D2EEB /* CarsViewController.h */ = {isa = PBXFileReference; lastKnownFileType = sourcecode.c.h; path = CarsViewController.h; sourceTree = "<group>"; };
		036F054619C624D9000D2EEB /* CarsViewController.m */ = {isa = PBXFileReference; lastKnownFileType = sourcecode.c.objc; path = CarsViewController.m; sourceTree = "<group>"; };
		036F054B19C624D9000D2EEB /* Images.xcassets */ = {isa = PBXFileReference; lastKnownFileType = folder.assetcatalog; path = Images.xcassets; sourceTree = "<group>"; };
		036F054E19C624D9000D2EEB /* Base */ = {isa = PBXFileReference; lastKnownFileType = file.xib; name = Base; path = Base.lproj/LaunchScreen.xib; sourceTree = "<group>"; };
		038ABFA31AC3A39100EC3ABC /* HTHorizontalSelectionListExample-Bridging-Header.h */ = {isa = PBXFileReference; lastKnownFileType = sourcecode.c.h; path = "HTHorizontalSelectionListExample-Bridging-Header.h"; sourceTree = "<group>"; };
		038ABFA41AC3A39100EC3ABC /* FlowersViewController.swift */ = {isa = PBXFileReference; fileEncoding = 4; lastKnownFileType = sourcecode.swift; path = FlowersViewController.swift; sourceTree = "<group>"; };
		03FCAF8B1A8424A1004857A7 /* spacecat4.jpeg */ = {isa = PBXFileReference; lastKnownFileType = image.jpeg; name = spacecat4.jpeg; path = Resources/spacecat4.jpeg; sourceTree = "<group>"; };
		03FCAF8C1A8424A1004857A7 /* spacecat3.jpeg */ = {isa = PBXFileReference; lastKnownFileType = image.jpeg; name = spacecat3.jpeg; path = Resources/spacecat3.jpeg; sourceTree = "<group>"; };
		03FCAF8D1A8424A1004857A7 /* spacecat2.jpeg */ = {isa = PBXFileReference; lastKnownFileType = image.jpeg; name = spacecat2.jpeg; path = Resources/spacecat2.jpeg; sourceTree = "<group>"; };
		03FCAF8E1A8424A1004857A7 /* spacecat1.jpeg */ = {isa = PBXFileReference; lastKnownFileType = image.jpeg; name = spacecat1.jpeg; path = Resources/spacecat1.jpeg; sourceTree = "<group>"; };
		03FCAF931A842B1B004857A7 /* CatsViewController.h */ = {isa = PBXFileReference; fileEncoding = 4; lastKnownFileType = sourcecode.c.h; path = CatsViewController.h; sourceTree = "<group>"; };
		03FCAF941A842B1B004857A7 /* CatsViewController.m */ = {isa = PBXFileReference; fileEncoding = 4; lastKnownFileType = sourcecode.c.objc; path = CatsViewController.m; sourceTree = "<group>"; };
		03FE11571AD99C8300174CDA /* flower1.jpeg */ = {isa = PBXFileReference; lastKnownFileType = image.jpeg; path = flower1.jpeg; sourceTree = "<group>"; };
		03FE11581AD99C8300174CDA /* flower2.jpeg */ = {isa = PBXFileReference; lastKnownFileType = image.jpeg; path = flower2.jpeg; sourceTree = "<group>"; };
		03FE11591AD99C8300174CDA /* flower3.jpeg */ = {isa = PBXFileReference; lastKnownFileType = image.jpeg; path = flower3.jpeg; sourceTree = "<group>"; };
		03FE115A1AD99C8300174CDA /* flower4.jpeg */ = {isa = PBXFileReference; lastKnownFileType = image.jpeg; path = flower4.jpeg; sourceTree = "<group>"; };
		03FE115B1AD99C8300174CDA /* flower5.jpeg */ = {isa = PBXFileReference; lastKnownFileType = image.jpeg; path = flower5.jpeg; sourceTree = "<group>"; };
		03FE11611AD9A06B00174CDA /* flower6.jpeg */ = {isa = PBXFileReference; lastKnownFileType = image.jpeg; path = flower6.jpeg; sourceTree = "<group>"; };
		03FE11621AD9A06B00174CDA /* flower7.jpeg */ = {isa = PBXFileReference; lastKnownFileType = image.jpeg; path = flower7.jpeg; sourceTree = "<group>"; };
		03FE11631AD9A06B00174CDA /* flower8.jpeg */ = {isa = PBXFileReference; lastKnownFileType = image.jpeg; path = flower8.jpeg; sourceTree = "<group>"; };
		3822EECEE73FE98A333005FF /* Pods.release.xcconfig */ = {isa = PBXFileReference; includeInIndex = 1; lastKnownFileType = text.xcconfig; name = Pods.release.xcconfig; path = "Pods/Target Support Files/Pods/Pods.release.xcconfig"; sourceTree = "<group>"; };
		5A76B993AA991B87BBB0F365 /* Pods.debug.xcconfig */ = {isa = PBXFileReference; includeInIndex = 1; lastKnownFileType = text.xcconfig; name = Pods.debug.xcconfig; path = "Pods/Target Support Files/Pods/Pods.debug.xcconfig"; sourceTree = "<group>"; };
		B7D75892556E902593167951 /* libPods.a */ = {isa = PBXFileReference; explicitFileType = archive.ar; includeInIndex = 0; path = libPods.a; sourceTree = BUILT_PRODUCTS_DIR; };
/* End PBXFileReference section */

/* Begin PBXFrameworksBuildPhase section */
		036F053819C624D9000D2EEB /* Frameworks */ = {
			isa = PBXFrameworksBuildPhase;
			buildActionMask = 2147483647;
			files = (
				EDF540BAA6CF4691A14FDFE1 /* libPods.a in Frameworks */,
			);
			runOnlyForDeploymentPostprocessing = 0;
		};
/* End PBXFrameworksBuildPhase section */

/* Begin PBXGroup section */
		036F053219C624D9000D2EEB = {
			isa = PBXGroup;
			children = (
				036F053D19C624D9000D2EEB /* HTHorizontalSelectionList Example */,
				036F053C19C624D9000D2EEB /* Products */,
				0F0C42EBE787870EA0F72779 /* Pods */,
				60D84FDE1A2DB966BAF0A040 /* Frameworks */,
			);
			sourceTree = "<group>";
		};
		036F053C19C624D9000D2EEB /* Products */ = {
			isa = PBXGroup;
			children = (
				036F053B19C624D9000D2EEB /* HTHorizontalSelectionListExample.app */,
			);
			name = Products;
			sourceTree = "<group>";
		};
		036F053D19C624D9000D2EEB /* HTHorizontalSelectionList Example */ = {
			isa = PBXGroup;
			children = (
				036F054219C624D9000D2EEB /* AppDelegate.h */,
				036F054319C624D9000D2EEB /* AppDelegate.m */,
				036F054519C624D9000D2EEB /* CarsViewController.h */,
				036F054619C624D9000D2EEB /* CarsViewController.m */,
				03FCAF931A842B1B004857A7 /* CatsViewController.h */,
				03FCAF941A842B1B004857A7 /* CatsViewController.m */,
				038ABFA41AC3A39100EC3ABC /* FlowersViewController.swift */,
				038ABFA31AC3A39100EC3ABC /* HTHorizontalSelectionListExample-Bridging-Header.h */,
				036F054B19C624D9000D2EEB /* Images.xcassets */,
				036F054D19C624D9000D2EEB /* LaunchScreen.xib */,
				03FCAF821A84235C004857A7 /* Resources */,
				036F053E19C624D9000D2EEB /* Supporting Files */,
			);
			name = "HTHorizontalSelectionList Example";
			path = HTHorizontalSelectionListExample;
			sourceTree = "<group>";
		};
		036F053E19C624D9000D2EEB /* Supporting Files */ = {
			isa = PBXGroup;
			children = (
				036F053F19C624D9000D2EEB /* Info.plist */,
				036F054019C624D9000D2EEB /* main.m */,
			);
			name = "Supporting Files";
			sourceTree = "<group>";
		};
		03FCAF821A84235C004857A7 /* Resources */ = {
			isa = PBXGroup;
			children = (
				03FCAF8E1A8424A1004857A7 /* spacecat1.jpeg */,
				03FCAF8D1A8424A1004857A7 /* spacecat2.jpeg */,
				03FCAF8C1A8424A1004857A7 /* spacecat3.jpeg */,
				03FCAF8B1A8424A1004857A7 /* spacecat4.jpeg */,
				033578221AA125340009DB4C /* spacecat5.jpeg */,
				03FE11571AD99C8300174CDA /* flower1.jpeg */,
				03FE11581AD99C8300174CDA /* flower2.jpeg */,
				03FE11591AD99C8300174CDA /* flower3.jpeg */,
				03FE115A1AD99C8300174CDA /* flower4.jpeg */,
				03FE115B1AD99C8300174CDA /* flower5.jpeg */,
				03FE11611AD9A06B00174CDA /* flower6.jpeg */,
				03FE11621AD9A06B00174CDA /* flower7.jpeg */,
				03FE11631AD9A06B00174CDA /* flower8.jpeg */,
			);
			name = Resources;
			sourceTree = "<group>";
		};
		0F0C42EBE787870EA0F72779 /* Pods */ = {
			isa = PBXGroup;
			children = (
				5A76B993AA991B87BBB0F365 /* Pods.debug.xcconfig */,
				3822EECEE73FE98A333005FF /* Pods.release.xcconfig */,
			);
			name = Pods;
			sourceTree = "<group>";
		};
		60D84FDE1A2DB966BAF0A040 /* Frameworks */ = {
			isa = PBXGroup;
			children = (
				B7D75892556E902593167951 /* libPods.a */,
			);
			name = Frameworks;
			sourceTree = "<group>";
		};
/* End PBXGroup section */

/* Begin PBXNativeTarget section */
		036F053A19C624D9000D2EEB /* HTHorizontalSelectionListExample */ = {
			isa = PBXNativeTarget;
			buildConfigurationList = 036F055E19C624D9000D2EEB /* Build configuration list for PBXNativeTarget "HTHorizontalSelectionListExample" */;
			buildPhases = (
				94A481C578F3C845AEDB9997 /* Check Pods Manifest.lock */,
				036F053719C624D9000D2EEB /* Sources */,
				036F053819C624D9000D2EEB /* Frameworks */,
				036F053919C624D9000D2EEB /* Resources */,
				16C31D4F889A7CC67344D1D6 /* Copy Pods Resources */,
				66881274CF55F039F651B08A /* Embed Pods Frameworks */,
			);
			buildRules = (
			);
			dependencies = (
			);
			name = HTHorizontalSelectionListExample;
			productName = "HTHorizontalSelectionList Example";
			productReference = 036F053B19C624D9000D2EEB /* HTHorizontalSelectionListExample.app */;
			productType = "com.apple.product-type.application";
		};
/* End PBXNativeTarget section */

/* Begin PBXProject section */
		036F053319C624D9000D2EEB /* Project object */ = {
			isa = PBXProject;
			attributes = {
				LastSwiftMigration = 0710;
				LastSwiftUpdateCheck = 0710;
				LastUpgradeCheck = 0720;
				ORGANIZATIONNAME = Hightower;
				TargetAttributes = {
					036F053A19C624D9000D2EEB = {
						CreatedOnToolsVersion = 6.0;
					};
				};
			};
			buildConfigurationList = 036F053619C624D9000D2EEB /* Build configuration list for PBXProject "HTHorizontalSelectionListExample" */;
			compatibilityVersion = "Xcode 3.2";
			developmentRegion = English;
			hasScannedForEncodings = 0;
			knownRegions = (
				en,
				Base,
			);
			mainGroup = 036F053219C624D9000D2EEB;
			productRefGroup = 036F053C19C624D9000D2EEB /* Products */;
			projectDirPath = "";
			projectRoot = "";
			targets = (
				036F053A19C624D9000D2EEB /* HTHorizontalSelectionListExample */,
			);
		};
/* End PBXProject section */

/* Begin PBXResourcesBuildPhase section */
		036F053919C624D9000D2EEB /* Resources */ = {
			isa = PBXResourcesBuildPhase;
			buildActionMask = 2147483647;
			files = (
				03FCAF911A8424A1004857A7 /* spacecat2.jpeg in Resources */,
				036F054F19C624D9000D2EEB /* LaunchScreen.xib in Resources */,
				03FE115C1AD99C8300174CDA /* flower1.jpeg in Resources */,
				03FE115F1AD99C8300174CDA /* flower4.jpeg in Resources */,
				03FCAF901A8424A1004857A7 /* spacecat3.jpeg in Resources */,
				03FE115E1AD99C8300174CDA /* flower3.jpeg in Resources */,
				03FE11601AD99C8300174CDA /* flower5.jpeg in Resources */,
				036F054C19C624D9000D2EEB /* Images.xcassets in Resources */,
				03FCAF8F1A8424A1004857A7 /* spacecat4.jpeg in Resources */,
				03FE11661AD9A06B00174CDA /* flower8.jpeg in Resources */,
				03FE115D1AD99C8300174CDA /* flower2.jpeg in Resources */,
				03FE11651AD9A06B00174CDA /* flower7.jpeg in Resources */,
				03FCAF921A8424A1004857A7 /* spacecat1.jpeg in Resources */,
				03FE11641AD9A06B00174CDA /* flower6.jpeg in Resources */,
				033578231AA125340009DB4C /* spacecat5.jpeg in Resources */,
			);
			runOnlyForDeploymentPostprocessing = 0;
		};
/* End PBXResourcesBuildPhase section */

/* Begin PBXShellScriptBuildPhase section */
		16C31D4F889A7CC67344D1D6 /* Copy Pods Resources */ = {
			isa = PBXShellScriptBuildPhase;
			buildActionMask = 2147483647;
			files = (
			);
			inputPaths = (
			);
			name = "Copy Pods Resources";
			outputPaths = (
			);
			runOnlyForDeploymentPostprocessing = 0;
			shellPath = /bin/sh;
			shellScript = "\"${SRCROOT}/Pods/Target Support Files/Pods/Pods-resources.sh\"\n";
			showEnvVarsInLog = 0;
		};
		66881274CF55F039F651B08A /* Embed Pods Frameworks */ = {
			isa = PBXShellScriptBuildPhase;
			buildActionMask = 2147483647;
			files = (
			);
			inputPaths = (
			);
			name = "Embed Pods Frameworks";
			outputPaths = (
			);
			runOnlyForDeploymentPostprocessing = 0;
			shellPath = /bin/sh;
			shellScript = "\"${SRCROOT}/Pods/Target Support Files/Pods/Pods-frameworks.sh\"\n";
			showEnvVarsInLog = 0;
		};
		94A481C578F3C845AEDB9997 /* Check Pods Manifest.lock */ = {
			isa = PBXShellScriptBuildPhase;
			buildActionMask = 2147483647;
			files = (
			);
			inputPaths = (
			);
			name = "Check Pods Manifest.lock";
			outputPaths = (
			);
			runOnlyForDeploymentPostprocessing = 0;
			shellPath = /bin/sh;
			shellScript = "diff \"${PODS_ROOT}/../Podfile.lock\" \"${PODS_ROOT}/Manifest.lock\" > /dev/null\nif [[ $? != 0 ]] ; then\n    cat << EOM\nerror: The sandbox is not in sync with the Podfile.lock. Run 'pod install' or update your CocoaPods installation.\nEOM\n    exit 1\nfi\n";
			showEnvVarsInLog = 0;
		};
/* End PBXShellScriptBuildPhase section */

/* Begin PBXSourcesBuildPhase section */
		036F053719C624D9000D2EEB /* Sources */ = {
			isa = PBXSourcesBuildPhase;
			buildActionMask = 2147483647;
			files = (
				036F054719C624D9000D2EEB /* CarsViewController.m in Sources */,
				03FCAF951A842B1B004857A7 /* CatsViewController.m in Sources */,
				036F054419C624D9000D2EEB /* AppDelegate.m in Sources */,
				038ABFA51AC3A39100EC3ABC /* FlowersViewController.swift in Sources */,
				036F054119C624D9000D2EEB /* main.m in Sources */,
			);
			runOnlyForDeploymentPostprocessing = 0;
		};
/* End PBXSourcesBuildPhase section */

/* Begin PBXVariantGroup section */
		036F054D19C624D9000D2EEB /* LaunchScreen.xib */ = {
			isa = PBXVariantGroup;
			children = (
				036F054E19C624D9000D2EEB /* Base */,
			);
			name = LaunchScreen.xib;
			sourceTree = "<group>";
		};
/* End PBXVariantGroup section */

/* Begin XCBuildConfiguration section */
		036F055C19C624D9000D2EEB /* Debug */ = {
			isa = XCBuildConfiguration;
			buildSettings = {
				ALWAYS_SEARCH_USER_PATHS = NO;
				CLANG_CXX_LANGUAGE_STANDARD = "gnu++0x";
				CLANG_CXX_LIBRARY = "libc++";
				CLANG_ENABLE_MODULES = YES;
				CLANG_ENABLE_OBJC_ARC = YES;
				CLANG_WARN_BOOL_CONVERSION = YES;
				CLANG_WARN_CONSTANT_CONVERSION = YES;
				CLANG_WARN_DIRECT_OBJC_ISA_USAGE = YES_ERROR;
				CLANG_WARN_EMPTY_BODY = YES;
				CLANG_WARN_ENUM_CONVERSION = YES;
				CLANG_WARN_INT_CONVERSION = YES;
				CLANG_WARN_OBJC_ROOT_CLASS = YES_ERROR;
				CLANG_WARN_UNREACHABLE_CODE = YES;
				CLANG_WARN__DUPLICATE_METHOD_MATCH = YES;
				"CODE_SIGN_IDENTITY[sdk=iphoneos*]" = "iPhone Developer";
				COPY_PHASE_STRIP = NO;
				ENABLE_STRICT_OBJC_MSGSEND = YES;
				ENABLE_TESTABILITY = YES;
				GCC_C_LANGUAGE_STANDARD = gnu99;
				GCC_DYNAMIC_NO_PIC = NO;
				GCC_OPTIMIZATION_LEVEL = 0;
				GCC_PREPROCESSOR_DEFINITIONS = (
					"DEBUG=1",
					"$(inherited)",
				);
				GCC_SYMBOLS_PRIVATE_EXTERN = NO;
				GCC_WARN_64_TO_32_BIT_CONVERSION = YES;
				GCC_WARN_ABOUT_RETURN_TYPE = YES_ERROR;
				GCC_WARN_UNDECLARED_SELECTOR = YES;
				GCC_WARN_UNINITIALIZED_AUTOS = YES_AGGRESSIVE;
				GCC_WARN_UNUSED_FUNCTION = YES;
				GCC_WARN_UNUSED_VARIABLE = YES;
				IPHONEOS_DEPLOYMENT_TARGET = 8.0;
				MTL_ENABLE_DEBUG_INFO = YES;
				ONLY_ACTIVE_ARCH = YES;
				SDKROOT = iphoneos;
				TARGETED_DEVICE_FAMILY = "1,2";
			};
			name = Debug;
		};
		036F055D19C624D9000D2EEB /* Release */ = {
			isa = XCBuildConfiguration;
			buildSettings = {
				ALWAYS_SEARCH_USER_PATHS = NO;
				CLANG_CXX_LANGUAGE_STANDARD = "gnu++0x";
				CLANG_CXX_LIBRARY = "libc++";
				CLANG_ENABLE_MODULES = YES;
				CLANG_ENABLE_OBJC_ARC = YES;
				CLANG_WARN_BOOL_CONVERSION = YES;
				CLANG_WARN_CONSTANT_CONVERSION = YES;
				CLANG_WARN_DIRECT_OBJC_ISA_USAGE = YES_ERROR;
				CLANG_WARN_EMPTY_BODY = YES;
				CLANG_WARN_ENUM_CONVERSION = YES;
				CLANG_WARN_INT_CONVERSION = YES;
				CLANG_WARN_OBJC_ROOT_CLASS = YES_ERROR;
				CLANG_WARN_UNREACHABLE_CODE = YES;
				CLANG_WARN__DUPLICATE_METHOD_MATCH = YES;
				"CODE_SIGN_IDENTITY[sdk=iphoneos*]" = "iPhone Developer";
				COPY_PHASE_STRIP = YES;
				ENABLE_NS_ASSERTIONS = NO;
				ENABLE_STRICT_OBJC_MSGSEND = YES;
				GCC_C_LANGUAGE_STANDARD = gnu99;
				GCC_WARN_64_TO_32_BIT_CONVERSION = YES;
				GCC_WARN_ABOUT_RETURN_TYPE = YES_ERROR;
				GCC_WARN_UNDECLARED_SELECTOR = YES;
				GCC_WARN_UNINITIALIZED_AUTOS = YES_AGGRESSIVE;
				GCC_WARN_UNUSED_FUNCTION = YES;
				GCC_WARN_UNUSED_VARIABLE = YES;
				IPHONEOS_DEPLOYMENT_TARGET = 8.0;
				MTL_ENABLE_DEBUG_INFO = NO;
				SDKROOT = iphoneos;
				TARGETED_DEVICE_FAMILY = "1,2";
				VALIDATE_PRODUCT = YES;
			};
			name = Release;
		};
		036F055F19C624D9000D2EEB /* Debug */ = {
			isa = XCBuildConfiguration;
			baseConfigurationReference = 5A76B993AA991B87BBB0F365 /* Pods.debug.xcconfig */;
			buildSettings = {
				ASSETCATALOG_COMPILER_APPICON_NAME = AppIcon;
				ASSETCATALOG_COMPILER_LAUNCHIMAGE_NAME = LaunchImage;
				CLANG_ENABLE_MODULES = YES;
				EMBEDDED_CONTENT_CONTAINS_SWIFT = YES;
				INFOPLIST_FILE = "$(SRCROOT)/HTHorizontalSelectionListExample/Info.plist";
				IPHONEOS_DEPLOYMENT_TARGET = 7.0;
				LD_RUNPATH_SEARCH_PATHS = "$(inherited) @executable_path/Frameworks";
				PRODUCT_BUNDLE_IDENTIFIER = "com.hightower.$(PRODUCT_NAME:rfc1034identifier)";
				PRODUCT_NAME = "$(TARGET_NAME)";
				SWIFT_OBJC_BRIDGING_HEADER = "HTHorizontalSelectionListExample/HTHorizontalSelectionListExample-Bridging-Header.h";
				SWIFT_OPTIMIZATION_LEVEL = "-Onone";
			};
			name = Debug;
		};
		036F056019C624D9000D2EEB /* Release */ = {
			isa = XCBuildConfiguration;
			baseConfigurationReference = 3822EECEE73FE98A333005FF /* Pods.release.xcconfig */;
			buildSettings = {
				ASSETCATALOG_COMPILER_APPICON_NAME = AppIcon;
				ASSETCATALOG_COMPILER_LAUNCHIMAGE_NAME = LaunchImage;
				CLANG_ENABLE_MODULES = YES;
				EMBEDDED_CONTENT_CONTAINS_SWIFT = YES;
				INFOPLIST_FILE = "$(SRCROOT)/HTHorizontalSelectionListExample/Info.plist";
				IPHONEOS_DEPLOYMENT_TARGET = 7.0;
				LD_RUNPATH_SEARCH_PATHS = "$(inherited) @executable_path/Frameworks";
				PRODUCT_BUNDLE_IDENTIFIER = "com.hightower.$(PRODUCT_NAME:rfc1034identifier)";
				PRODUCT_NAME = "$(TARGET_NAME)";
				SWIFT_OBJC_BRIDGING_HEADER = "HTHorizontalSelectionListExample/HTHorizontalSelectionListExample-Bridging-Header.h";
			};
			name = Release;
		};
/* End XCBuildConfiguration section */

/* Begin XCConfigurationList section */
		036F053619C624D9000D2EEB /* Build configuration list for PBXProject "HTHorizontalSelectionListExample" */ = {
			isa = XCConfigurationList;
			buildConfigurations = (
				036F055C19C624D9000D2EEB /* Debug */,
				036F055D19C624D9000D2EEB /* Release */,
			);
			defaultConfigurationIsVisible = 0;
			defaultConfigurationName = Release;
		};
		036F055E19C624D9000D2EEB /* Build configuration list for PBXNativeTarget "HTHorizontalSelectionListExample" */ = {
			isa = XCConfigurationList;
			buildConfigurations = (
				036F055F19C624D9000D2EEB /* Debug */,
				036F056019C624D9000D2EEB /* Release */,
			);
			defaultConfigurationIsVisible = 0;
			defaultConfigurationName = Release;
		};
/* End XCConfigurationList section */
	};
	rootObject = 036F053319C624D9000D2EEB /* Project object */;
}
